// !$*UTF8*$!
{
	archiveVersion = 1;
	classes = {
	};
	objectVersion = 46;
	objects = {

/* Begin PBXBuildFile section */
		D11AD6D71E2B200800B19D55 /* AppDelegate.swift in Sources */ = {isa = PBXBuildFile; fileRef = D11AD6D61E2B200800B19D55 /* AppDelegate.swift */; };
		D11AD6D91E2B200800B19D55 /* ViewController.swift in Sources */ = {isa = PBXBuildFile; fileRef = D11AD6D81E2B200800B19D55 /* ViewController.swift */; };
		D11AD6DC1E2B200800B19D55 /* Main.storyboard in Resources */ = {isa = PBXBuildFile; fileRef = D11AD6DA1E2B200800B19D55 /* Main.storyboard */; };
		D11AD6DE1E2B200800B19D55 /* Assets.xcassets in Resources */ = {isa = PBXBuildFile; fileRef = D11AD6DD1E2B200800B19D55 /* Assets.xcassets */; };
		D11AD6E11E2B200800B19D55 /* LaunchScreen.storyboard in Resources */ = {isa = PBXBuildFile; fileRef = D11AD6DF1E2B200800B19D55 /* LaunchScreen.storyboard */; };
		D11AD6EC1E2B200800B19D55 /* WarTests.swift in Sources */ = {isa = PBXBuildFile; fileRef = D11AD6EB1E2B200800B19D55 /* WarTests.swift */; };
		D1AAA9FD1E2B639B004F1BFA /* AppIcon.appiconset in Resources */ = {isa = PBXBuildFile; fileRef = D1AAA9FC1E2B639B004F1BFA /* AppIcon.appiconset */; };
/* End PBXBuildFile section */

/* Begin PBXContainerItemProxy section */
		D11AD6E81E2B200800B19D55 /* PBXContainerItemProxy */ = {
			isa = PBXContainerItemProxy;
			containerPortal = D11AD6CB1E2B200800B19D55 /* Project object */;
			proxyType = 1;
			remoteGlobalIDString = D11AD6D21E2B200800B19D55;
			remoteInfo = War;
		};
/* End PBXContainerItemProxy section */

/* Begin PBXFileReference section */
		D11AD6D31E2B200800B19D55 /* War.app */ = {isa = PBXFileReference; explicitFileType = wrapper.application; includeInIndex = 0; path = War.app; sourceTree = BUILT_PRODUCTS_DIR; };
		D11AD6D61E2B200800B19D55 /* AppDelegate.swift */ = {isa = PBXFileReference; lastKnownFileType = sourcecode.swift; path = AppDelegate.swift; sourceTree = "<group>"; };
		D11AD6D81E2B200800B19D55 /* ViewController.swift */ = {isa = PBXFileReference; lastKnownFileType = sourcecode.swift; path = ViewController.swift; sourceTree = "<group>"; };
		D11AD6DB1E2B200800B19D55 /* Base */ = {isa = PBXFileReference; lastKnownFileType = file.storyboard; name = Base; path = Base.lproj/Main.storyboard; sourceTree = "<group>"; };
		D11AD6DD1E2B200800B19D55 /* Assets.xcassets */ = {isa = PBXFileReference; lastKnownFileType = folder.assetcatalog; path = Assets.xcassets; sourceTree = "<group>"; };
		D11AD6E01E2B200800B19D55 /* Base */ = {isa = PBXFileReference; lastKnownFileType = file.storyboard; name = Base; path = Base.lproj/LaunchScreen.storyboard; sourceTree = "<group>"; };
		D11AD6E21E2B200800B19D55 /* Info.plist */ = {isa = PBXFileReference; lastKnownFileType = text.plist.xml; path = Info.plist; sourceTree = "<group>"; };
		D11AD6E71E2B200800B19D55 /* WarTests.xctest */ = {isa = PBXFileReference; explicitFileType = wrapper.cfbundle; includeInIndex = 0; path = WarTests.xctest; sourceTree = BUILT_PRODUCTS_DIR; };
		D11AD6EB1E2B200800B19D55 /* WarTests.swift */ = {isa = PBXFileReference; lastKnownFileType = sourcecode.swift; path = WarTests.swift; sourceTree = "<group>"; };
		D11AD6ED1E2B200800B19D55 /* Info.plist */ = {isa = PBXFileReference; lastKnownFileType = text.plist.xml; path = Info.plist; sourceTree = "<group>"; };
		D1AAA9FC1E2B639B004F1BFA /* AppIcon.appiconset */ = {isa = PBXFileReference; lastKnownFileType = folder; name = AppIcon.appiconset; path = ../../../../WarIcon/ios/AppIcon.appiconset; sourceTree = "<group>"; };
/* End PBXFileReference section */

/* Begin PBXFrameworksBuildPhase section */
		D11AD6D01E2B200800B19D55 /* Frameworks */ = {
			isa = PBXFrameworksBuildPhase;
			buildActionMask = 2147483647;
			files = (
			);
			runOnlyForDeploymentPostprocessing = 0;
		};
		D11AD6E41E2B200800B19D55 /* Frameworks */ = {
			isa = PBXFrameworksBuildPhase;
			buildActionMask = 2147483647;
			files = (
			);
			runOnlyForDeploymentPostprocessing = 0;
		};
/* End PBXFrameworksBuildPhase section */

/* Begin PBXGroup section */
		D11AD6CA1E2B200800B19D55 = {
			isa = PBXGroup;
			children = (
				D11AD6D51E2B200800B19D55 /* War */,
				D11AD6EA1E2B200800B19D55 /* WarTests */,
				D11AD6D41E2B200800B19D55 /* Products */,
			);
			sourceTree = "<group>";
		};
		D11AD6D41E2B200800B19D55 /* Products */ = {
			isa = PBXGroup;
			children = (
				D11AD6D31E2B200800B19D55 /* War.app */,
				D11AD6E71E2B200800B19D55 /* WarTests.xctest */,
			);
			name = Products;
			sourceTree = "<group>";
		};
		D11AD6D51E2B200800B19D55 /* War */ = {
			isa = PBXGroup;
			children = (
				D11AD6D61E2B200800B19D55 /* AppDelegate.swift */,
				D11AD6D81E2B200800B19D55 /* ViewController.swift */,
				D11AD6DA1E2B200800B19D55 /* Main.storyboard */,
				D11AD6DD1E2B200800B19D55 /* Assets.xcassets */,
				D1AAA9FC1E2B639B004F1BFA /* AppIcon.appiconset */,
				D11AD6DF1E2B200800B19D55 /* LaunchScreen.storyboard */,
				D11AD6E21E2B200800B19D55 /* Info.plist */,
			);
			path = War;
			sourceTree = "<group>";
		};
		D11AD6EA1E2B200800B19D55 /* WarTests */ = {
			isa = PBXGroup;
			children = (
				D11AD6EB1E2B200800B19D55 /* WarTests.swift */,
				D11AD6ED1E2B200800B19D55 /* Info.plist */,
			);
			path = WarTests;
			sourceTree = "<group>";
		};
/* End PBXGroup section */

/* Begin PBXNativeTarget section */
		D11AD6D21E2B200800B19D55 /* War */ = {
			isa = PBXNativeTarget;
			buildConfigurationList = D11AD6F01E2B200800B19D55 /* Build configuration list for PBXNativeTarget "War" */;
			buildPhases = (
				D11AD6CF1E2B200800B19D55 /* Sources */,
				D11AD6D01E2B200800B19D55 /* Frameworks */,
				D11AD6D11E2B200800B19D55 /* Resources */,
			);
			buildRules = (
			);
			dependencies = (
			);
			name = War;
			productName = War;
			productReference = D11AD6D31E2B200800B19D55 /* War.app */;
			productType = "com.apple.product-type.application";
		};
		D11AD6E61E2B200800B19D55 /* WarTests */ = {
			isa = PBXNativeTarget;
			buildConfigurationList = D11AD6F31E2B200800B19D55 /* Build configuration list for PBXNativeTarget "WarTests" */;
			buildPhases = (
				D11AD6E31E2B200800B19D55 /* Sources */,
				D11AD6E41E2B200800B19D55 /* Frameworks */,
				D11AD6E51E2B200800B19D55 /* Resources */,
			);
			buildRules = (
			);
			dependencies = (
				D11AD6E91E2B200800B19D55 /* PBXTargetDependency */,
			);
			name = WarTests;
			productName = WarTests;
			productReference = D11AD6E71E2B200800B19D55 /* WarTests.xctest */;
			productType = "com.apple.product-type.bundle.unit-test";
		};
/* End PBXNativeTarget section */

/* Begin PBXProject section */
		D11AD6CB1E2B200800B19D55 /* Project object */ = {
			isa = PBXProject;
			attributes = {
				LastSwiftUpdateCheck = 0810;
				LastUpgradeCheck = 0810;
				ORGANIZATIONNAME = "Justin Chang";
				TargetAttributes = {
					D11AD6D21E2B200800B19D55 = {
						CreatedOnToolsVersion = 8.1;
						DevelopmentTeam = 92JSD8572T;
						ProvisioningStyle = Automatic;
					};
					D11AD6E61E2B200800B19D55 = {
						CreatedOnToolsVersion = 8.1;
						ProvisioningStyle = Automatic;
						TestTargetID = D11AD6D21E2B200800B19D55;
					};
				};
			};
			buildConfigurationList = D11AD6CE1E2B200800B19D55 /* Build configuration list for PBXProject "War" */;
			compatibilityVersion = "Xcode 3.2";
			developmentRegion = English;
			hasScannedForEncodings = 0;
			knownRegions = (
				en,
				Base,
			);
			mainGroup = D11AD6CA1E2B200800B19D55;
			productRefGroup = D11AD6D41E2B200800B19D55 /* Products */;
			projectDirPath = "";
			projectRoot = "";
			targets = (
				D11AD6D21E2B200800B19D55 /* War */,
				D11AD6E61E2B200800B19D55 /* WarTests */,
			);
		};
/* End PBXProject section */

/* Begin PBXResourcesBuildPhase section */
		D11AD6D11E2B200800B19D55 /* Resources */ = {
			isa = PBXResourcesBuildPhase;
			buildActionMask = 2147483647;
			files = (
				D1AAA9FD1E2B639B004F1BFA /* AppIcon.appiconset in Resources */,
				D11AD6E11E2B200800B19D55 /* LaunchScreen.storyboard in Resources */,
				D11AD6DE1E2B200800B19D55 /* Assets.xcassets in Resources */,
				D11AD6DC1E2B200800B19D55 /* Main.storyboard in Resources */,
			);
			runOnlyForDeploymentPostprocessing = 0;
		};
		D11AD6E51E2B200800B19D55 /* Resources */ = {
			isa = PBXResourcesBuildPhase;
			buildActionMask = 2147483647;
			files = (
			);
			runOnlyForDeploymentPostprocessing = 0;
		};
/* End PBXResourcesBuildPhase section */

/* Begin PBXSourcesBuildPhase section */
		D11AD6CF1E2B200800B19D55 /* Sources */ = {
			isa = PBXSourcesBuildPhase;
			buildActionMask = 2147483647;
			files = (
				D11AD6D91E2B200800B19D55 /* ViewController.swift in Sources */,
				D11AD6D71E2B200800B19D55 /* AppDelegate.swift in Sources */,
			);
			runOnlyForDeploymentPostprocessing = 0;
		};
		D11AD6E31E2B200800B19D55 /* Sources */ = {
			isa = PBXSourcesBuildPhase;
			buildActionMask = 2147483647;
			files = (
				D11AD6EC1E2B200800B19D55 /* WarTests.swift in Sources */,
			);
			runOnlyForDeploymentPostprocessing = 0;
		};
/* End PBXSourcesBuildPhase section */

/* Begin PBXTargetDependency section */
		D11AD6E91E2B200800B19D55 /* PBXTargetDependency */ = {
			isa = PBXTargetDependency;
			target = D11AD6D21E2B200800B19D55 /* War */;
			targetProxy = D11AD6E81E2B200800B19D55 /* PBXContainerItemProxy */;
		};
/* End PBXTargetDependency section */

/* Begin PBXVariantGroup section */
		D11AD6DA1E2B200800B19D55 /* Main.storyboard */ = {
			isa = PBXVariantGroup;
			children = (
				D11AD6DB1E2B200800B19D55 /* Base */,
			);
			name = Main.storyboard;
			sourceTree = "<group>";
		};
		D11AD6DF1E2B200800B19D55 /* LaunchScreen.storyboard */ = {
			isa = PBXVariantGroup;
			children = (
				D11AD6E01E2B200800B19D55 /* Base */,
			);
			name = LaunchScreen.storyboard;
			sourceTree = "<group>";
		};
/* End PBXVariantGroup section */

/* Begin XCBuildConfiguration section */
		D11AD6EE1E2B200800B19D55 /* Debug */ = {
			isa = XCBuildConfiguration;
			buildSettings = {
				ALWAYS_SEARCH_USER_PATHS = NO;
				CLANG_ANALYZER_NONNULL = YES;
				CLANG_CXX_LANGUAGE_STANDARD = "gnu++0x";
				CLANG_CXX_LIBRARY = "libc++";
				CLANG_ENABLE_MODULES = YES;
				CLANG_ENABLE_OBJC_ARC = YES;
				CLANG_WARN_BOOL_CONVERSION = YES;
				CLANG_WARN_CONSTANT_CONVERSION = YES;
				CLANG_WARN_DIRECT_OBJC_ISA_USAGE = YES_ERROR;
				CLANG_WARN_DOCUMENTATION_COMMENTS = YES;
				CLANG_WARN_EMPTY_BODY = YES;
				CLANG_WARN_ENUM_CONVERSION = YES;
				CLANG_WARN_INFINITE_RECURSION = YES;
				CLANG_WARN_INT_CONVERSION = YES;
				CLANG_WARN_OBJC_ROOT_CLASS = YES_ERROR;
				CLANG_WARN_SUSPICIOUS_MOVES = YES;
				CLANG_WARN_UNREACHABLE_CODE = YES;
				CLANG_WARN__DUPLICATE_METHOD_MATCH = YES;
				"CODE_SIGN_IDENTITY[sdk=iphoneos*]" = "iPhone Developer";
				COPY_PHASE_STRIP = NO;
				DEBUG_INFORMATION_FORMAT = dwarf;
				ENABLE_STRICT_OBJC_MSGSEND = YES;
				ENABLE_TESTABILITY = YES;
				GCC_C_LANGUAGE_STANDARD = gnu99;
				GCC_DYNAMIC_NO_PIC = NO;
				GCC_NO_COMMON_BLOCKS = YES;
				GCC_OPTIMIZATION_LEVEL = 0;
				GCC_PREPROCESSOR_DEFINITIONS = (
					"DEBUG=1",
					"$(inherited)",
				);
				GCC_WARN_64_TO_32_BIT_CONVERSION = YES;
				GCC_WARN_ABOUT_RETURN_TYPE = YES_ERROR;
				GCC_WARN_UNDECLARED_SELECTOR = YES;
				GCC_WARN_UNINITIALIZED_AUTOS = YES_AGGRESSIVE;
				GCC_WARN_UNUSED_FUNCTION = YES;
				GCC_WARN_UNUSED_VARIABLE = YES;
				IPHONEOS_DEPLOYMENT_TARGET = 10.1;
				MTL_ENABLE_DEBUG_INFO = YES;
				ONLY_ACTIVE_ARCH = YES;
				SDKROOT = iphoneos;
				SWIFT_ACTIVE_COMPILATION_CONDITIONS = DEBUG;
				SWIFT_OPTIMIZATION_LEVEL = "-Onone";
				TARGETED_DEVICE_FAMILY = "1,2";
			};
			name = Debug;
		};
		D11AD6EF1E2B200800B19D55 /* Release */ = {
			isa = XCBuildConfiguration;
			buildSettings = {
				ALWAYS_SEARCH_USER_PATHS = NO;
				CLANG_ANALYZER_NONNULL = YES;
				CLANG_CXX_LANGUAGE_STANDARD = "gnu++0x";
				CLANG_CXX_LIBRARY = "libc++";
				CLANG_ENABLE_MODULES = YES;
				CLANG_ENABLE_OBJC_ARC = YES;
				CLANG_WARN_BOOL_CONVERSION = YES;
				CLANG_WARN_CONSTANT_CONVERSION = YES;
				CLANG_WARN_DIRECT_OBJC_ISA_USAGE = YES_ERROR;
				CLANG_WARN_DOCUMENTATION_COMMENTS = YES;
				CLANG_WARN_EMPTY_BODY = YES;
				CLANG_WARN_ENUM_CONVERSION = YES;
				CLANG_WARN_INFINITE_RECURSION = YES;
				CLANG_WARN_INT_CONVERSION = YES;
				CLANG_WARN_OBJC_ROOT_CLASS = YES_ERROR;
				CLANG_WARN_SUSPICIOUS_MOVES = YES;
				CLANG_WARN_UNREACHABLE_CODE = YES;
				CLANG_WARN__DUPLICATE_METHOD_MATCH = YES;
				"CODE_SIGN_IDENTITY[sdk=iphoneos*]" = "iPhone Developer";
				COPY_PHASE_STRIP = NO;
				DEBUG_INFORMATION_FORMAT = "dwarf-with-dsym";
				ENABLE_NS_ASSERTIONS = NO;
				ENABLE_STRICT_OBJC_MSGSEND = YES;
				GCC_C_LANGUAGE_STANDARD = gnu99;
				GCC_NO_COMMON_BLOCKS = YES;
				GCC_WARN_64_TO_32_BIT_CONVERSION = YES;
				GCC_WARN_ABOUT_RETURN_TYPE = YES_ERROR;
				GCC_WARN_UNDECLARED_SELECTOR = YES;
				GCC_WARN_UNINITIALIZED_AUTOS = YES_AGGRESSIVE;
				GCC_WARN_UNUSED_FUNCTION = YES;
				GCC_WARN_UNUSED_VARIABLE = YES;
				IPHONEOS_DEPLOYMENT_TARGET = 10.1;
				MTL_ENABLE_DEBUG_INFO = NO;
				SDKROOT = iphoneos;
				SWIFT_OPTIMIZATION_LEVEL = "-Owholemodule";
				TARGETED_DEVICE_FAMILY = "1,2";
				VALIDATE_PRODUCT = YES;
			};
			name = Release;
		};
		D11AD6F11E2B200800B19D55 /* Debug */ = {
			isa = XCBuildConfiguration;
			buildSettings = {
				ASSETCATALOG_COMPILER_APPICON_NAME = "AppIcon-1";
				ASSETCATALOG_COMPILER_LAUNCHIMAGE_NAME = LaunchImage;
				DEVELOPMENT_TEAM = 92JSD8572T;
				INFOPLIST_FILE = War/Info.plist;
				IPHONEOS_DEPLOYMENT_TARGET = 9.1;
				LD_RUNPATH_SEARCH_PATHS = "$(inherited) @executable_path/Frameworks";
				PRODUCT_BUNDLE_IDENTIFIER = megusta.War;
				PRODUCT_NAME = "$(TARGET_NAME)";
				SWIFT_VERSION = 3.0;
			};
			name = Debug;
		};
		D11AD6F21E2B200800B19D55 /* Release */ = {
			isa = XCBuildConfiguration;
			buildSettings = {
				ASSETCATALOG_COMPILER_APPICON_NAME = "AppIcon-1";
				ASSETCATALOG_COMPILER_LAUNCHIMAGE_NAME = LaunchImage;
				DEVELOPMENT_TEAM = 92JSD8572T;
				INFOPLIST_FILE = War/Info.plist;
				IPHONEOS_DEPLOYMENT_TARGET = 9.1;
				LD_RUNPATH_SEARCH_PATHS = "$(inherited) @executable_path/Frameworks";
				PRODUCT_BUNDLE_IDENTIFIER = megusta.War;
				PRODUCT_NAME = "$(TARGET_NAME)";
				SWIFT_VERSION = 3.0;
			};
			name = Release;
		};
		D11AD6F41E2B200800B19D55 /* Debug */ = {
			isa = XCBuildConfiguration;
			buildSettings = {
				ALWAYS_EMBED_SWIFT_STANDARD_LIBRARIES = YES;
				BUNDLE_LOADER = "$(TEST_HOST)";
				INFOPLIST_FILE = WarTests/Info.plist;
				LD_RUNPATH_SEARCH_PATHS = "$(inherited) @executable_path/Frameworks @loader_path/Frameworks";
				PRODUCT_BUNDLE_IDENTIFIER = megusta.WarTests;
				PRODUCT_NAME = "$(TARGET_NAME)";
				SWIFT_VERSION = 3.0;
				TEST_HOST = "$(BUILT_PRODUCTS_DIR)/War.app/War";
			};
			name = Debug;
		};
		D11AD6F51E2B200800B19D55 /* Release */ = {
			isa = XCBuildConfiguration;
			buildSettings = {
				ALWAYS_EMBED_SWIFT_STANDARD_LIBRARIES = YES;
				BUNDLE_LOADER = "$(TEST_HOST)";
				INFOPLIST_FILE = WarTests/Info.plist;
				LD_RUNPATH_SEARCH_PATHS = "$(inherited) @executable_path/Frameworks @loader_path/Frameworks";
				PRODUCT_BUNDLE_IDENTIFIER = megusta.WarTests;
				PRODUCT_NAME = "$(TARGET_NAME)";
				SWIFT_VERSION = 3.0;
				TEST_HOST = "$(BUILT_PRODUCTS_DIR)/War.app/War";
			};
			name = Release;
		};
/* End XCBuildConfiguration section */

/* Begin XCConfigurationList section */
		D11AD6CE1E2B200800B19D55 /* Build configuration list for PBXProject "War" */ = {
			isa = XCConfigurationList;
			buildConfigurations = (
				D11AD6EE1E2B200800B19D55 /* Debug */,
				D11AD6EF1E2B200800B19D55 /* Release */,
			);
			defaultConfigurationIsVisible = 0;
			defaultConfigurationName = Release;
		};
		D11AD6F01E2B200800B19D55 /* Build configuration list for PBXNativeTarget "War" */ = {
			isa = XCConfigurationList;
			buildConfigurations = (
				D11AD6F11E2B200800B19D55 /* Debug */,
				D11AD6F21E2B200800B19D55 /* Release */,
			);
			defaultConfigurationIsVisible = 0;
			defaultConfigurationName = Release;
		};
		D11AD6F31E2B200800B19D55 /* Build configuration list for PBXNativeTarget "WarTests" */ = {
			isa = XCConfigurationList;
			buildConfigurations = (
				D11AD6F41E2B200800B19D55 /* Debug */,
				D11AD6F51E2B200800B19D55 /* Release */,
			);
			defaultConfigurationIsVisible = 0;
			defaultConfigurationName = Release;
		};
/* End XCConfigurationList section */
	};
	rootObject = D11AD6CB1E2B200800B19D55 /* Project object */;
}
